
Microsoft Visual Studio Solution File, Format Version 12.00
# Visual Studio 14
VisualStudioVersion = 14.0.25420.1
MinimumVisualStudioVersion = 10.0.40219.1
Project("{FAE04EC0-301F-11D3-BF4B-00C04F79EFBC}") = "YemekDeneme.Droid", "YemekDeneme\YemekDeneme.Droid\YemekDeneme.Droid.csproj", "{8E9C6E5B-7DF6-4932-9614-E2DB0D825714}"
EndProject
Project("{FAE04EC0-301F-11D3-BF4B-00C04F79EFBC}") = "YemekDeneme.iOS", "YemekDeneme\YemekDeneme.iOS\YemekDeneme.iOS.csproj", "{ADB0B25B-07CC-4211-B4E8-B9A4F6BB319E}"
EndProject
Project("{FAE04EC0-301F-11D3-BF4B-00C04F79EFBC}") = "YemekDeneme.WinPhone", "YemekDeneme\YemekDeneme.WinPhone\YemekDeneme.WinPhone.csproj", "{940301C7-C3DD-48BF-8EBF-DA4AFE3F176E}"
EndProject
Project("{FAE04EC0-301F-11D3-BF4B-00C04F79EFBC}") = "YemekDeneme.Windows", "YemekDeneme\YemekDeneme.Windows\YemekDeneme.Windows.csproj", "{118F927B-A356-46D3-8514-781544491368}"
EndProject
Project("{FAE04EC0-301F-11D3-BF4B-00C04F79EFBC}") = "YemekDeneme", "YemekDeneme\YemekDeneme\YemekDeneme.csproj", "{DD6001B0-91C9-494C-993F-7AF9EF6B7C64}"
EndProject
Global
	GlobalSection(SolutionConfigurationPlatforms) = preSolution
		Ad-Hoc|Any CPU = Ad-Hoc|Any CPU
		Ad-Hoc|ARM = Ad-Hoc|ARM
		Ad-Hoc|iPhone = Ad-Hoc|iPhone
		Ad-Hoc|iPhoneSimulator = Ad-Hoc|iPhoneSimulator
		Ad-Hoc|x64 = Ad-Hoc|x64
		Ad-Hoc|x86 = Ad-Hoc|x86
		AppStore|Any CPU = AppStore|Any CPU
		AppStore|ARM = AppStore|ARM
		AppStore|iPhone = AppStore|iPhone
		AppStore|iPhoneSimulator = AppStore|iPhoneSimulator
		AppStore|x64 = AppStore|x64
		AppStore|x86 = AppStore|x86
		Debug|Any CPU = Debug|Any CPU
		Debug|ARM = Debug|ARM
		Debug|iPhone = Debug|iPhone
		Debug|iPhoneSimulator = Debug|iPhoneSimulator
		Debug|x64 = Debug|x64
		Debug|x86 = Debug|x86
		Release|Any CPU = Release|Any CPU
		Release|ARM = Release|ARM
		Release|iPhone = Release|iPhone
		Release|iPhoneSimulator = Release|iPhoneSimulator
		Release|x64 = Release|x64
		Release|x86 = Release|x86
	EndGlobalSection
	GlobalSection(ProjectConfigurationPlatforms) = postSolution
		{8E9C6E5B-7DF6-4932-9614-E2DB0D825714}.Ad-Hoc|Any CPU.ActiveCfg = Release|Any CPU
		{8E9C6E5B-7DF6-4932-9614-E2DB0D825714}.Ad-Hoc|Any CPU.Build.0 = Release|Any CPU
		{8E9C6E5B-7DF6-4932-9614-E2DB0D825714}.Ad-Hoc|Any CPU.Deploy.0 = Release|Any CPU
		{8E9C6E5B-7DF6-4932-9614-E2DB0D825714}.Ad-Hoc|ARM.ActiveCfg = Release|Any CPU
		{8E9C6E5B-7DF6-4932-9614-E2DB0D825714}.Ad-Hoc|ARM.Build.0 = Release|Any CPU
		{8E9C6E5B-7DF6-4932-9614-E2DB0D825714}.Ad-Hoc|ARM.Deploy.0 = Release|Any CPU
		{8E9C6E5B-7DF6-4932-9614-E2DB0D825714}.Ad-Hoc|iPhone.ActiveCfg = Release|Any CPU
		{8E9C6E5B-7DF6-4932-9614-E2DB0D825714}.Ad-Hoc|iPhone.Build.0 = Release|Any CPU
		{8E9C6E5B-7DF6-4932-9614-E2DB0D825714}.Ad-Hoc|iPhone.Deploy.0 = Release|Any CPU
		{8E9C6E5B-7DF6-4932-9614-E2DB0D825714}.Ad-Hoc|iPhoneSimulator.ActiveCfg = Release|Any CPU
		{8E9C6E5B-7DF6-4932-9614-E2DB0D825714}.Ad-Hoc|iPhoneSimulator.Build.0 = Release|Any CPU
		{8E9C6E5B-7DF6-4932-9614-E2DB0D825714}.Ad-Hoc|iPhoneSimulator.Deploy.0 = Release|Any CPU
		{8E9C6E5B-7DF6-4932-9614-E2DB0D825714}.Ad-Hoc|x64.ActiveCfg = Release|Any CPU
		{8E9C6E5B-7DF6-4932-9614-E2DB0D825714}.Ad-Hoc|x64.Build.0 = Release|Any CPU
		{8E9C6E5B-7DF6-4932-9614-E2DB0D825714}.Ad-Hoc|x64.Deploy.0 = Release|Any CPU
		{8E9C6E5B-7DF6-4932-9614-E2DB0D825714}.Ad-Hoc|x86.ActiveCfg = Release|Any CPU
		{8E9C6E5B-7DF6-4932-9614-E2DB0D825714}.Ad-Hoc|x86.Build.0 = Release|Any CPU
		{8E9C6E5B-7DF6-4932-9614-E2DB0D825714}.Ad-Hoc|x86.Deploy.0 = Release|Any CPU
		{8E9C6E5B-7DF6-4932-9614-E2DB0D825714}.AppStore|Any CPU.ActiveCfg = Release|Any CPU
		{8E9C6E5B-7DF6-4932-9614-E2DB0D825714}.AppStore|Any CPU.Build.0 = Release|Any CPU
		{8E9C6E5B-7DF6-4932-9614-E2DB0D825714}.AppStore|Any CPU.Deploy.0 = Release|Any CPU
		{8E9C6E5B-7DF6-4932-9614-E2DB0D825714}.AppStore|ARM.ActiveCfg = Release|Any CPU
		{8E9C6E5B-7DF6-4932-9614-E2DB0D825714}.AppStore|ARM.Build.0 = Release|Any CPU
		{8E9C6E5B-7DF6-4932-9614-E2DB0D825714}.AppStore|ARM.Deploy.0 = Release|Any CPU
		{8E9C6E5B-7DF6-4932-9614-E2DB0D825714}.AppStore|iPhone.ActiveCfg = Release|Any CPU
		{8E9C6E5B-7DF6-4932-9614-E2DB0D825714}.AppStore|iPhone.Build.0 = Release|Any CPU
		{8E9C6E5B-7DF6-4932-9614-E2DB0D825714}.AppStore|iPhone.Deploy.0 = Release|Any CPU
		{8E9C6E5B-7DF6-4932-9614-E2DB0D825714}.AppStore|iPhoneSimulator.ActiveCfg = Release|Any CPU
		{8E9C6E5B-7DF6-4932-9614-E2DB0D825714}.AppStore|iPhoneSimulator.Build.0 = Release|Any CPU
		{8E9C6E5B-7DF6-4932-9614-E2DB0D825714}.AppStore|iPhoneSimulator.Deploy.0 = Release|Any CPU
		{8E9C6E5B-7DF6-4932-9614-E2DB0D825714}.AppStore|x64.ActiveCfg = Release|Any CPU
		{8E9C6E5B-7DF6-4932-9614-E2DB0D825714}.AppStore|x64.Build.0 = Release|Any CPU
		{8E9C6E5B-7DF6-4932-9614-E2DB0D825714}.AppStore|x64.Deploy.0 = Release|Any CPU
		{8E9C6E5B-7DF6-4932-9614-E2DB0D825714}.AppStore|x86.ActiveCfg = Release|Any CPU
		{8E9C6E5B-7DF6-4932-9614-E2DB0D825714}.AppStore|x86.Build.0 = Release|Any CPU
		{8E9C6E5B-7DF6-4932-9614-E2DB0D825714}.AppStore|x86.Deploy.0 = Release|Any CPU
		{8E9C6E5B-7DF6-4932-9614-E2DB0D825714}.Debug|Any CPU.ActiveCfg = Debug|Any CPU
		{8E9C6E5B-7DF6-4932-9614-E2DB0D825714}.Debug|Any CPU.Build.0 = Debug|Any CPU
		{8E9C6E5B-7DF6-4932-9614-E2DB0D825714}.Debug|Any CPU.Deploy.0 = Debug|Any CPU
		{8E9C6E5B-7DF6-4932-9614-E2DB0D825714}.Debug|ARM.ActiveCfg = Debug|Any CPU
		{8E9C6E5B-7DF6-4932-9614-E2DB0D825714}.Debug|ARM.Build.0 = Debug|Any CPU
		{8E9C6E5B-7DF6-4932-9614-E2DB0D825714}.Debug|ARM.Deploy.0 = Debug|Any CPU
		{8E9C6E5B-7DF6-4932-9614-E2DB0D825714}.Debug|iPhone.ActiveCfg = Debug|Any CPU
		{8E9C6E5B-7DF6-4932-9614-E2DB0D825714}.Debug|iPhone.Build.0 = Debug|Any CPU
		{8E9C6E5B-7DF6-4932-9614-E2DB0D825714}.Debug|iPhone.Deploy.0 = Debug|Any CPU
		{8E9C6E5B-7DF6-4932-9614-E2DB0D825714}.Debug|iPhoneSimulator.ActiveCfg = Debug|Any CPU
		{8E9C6E5B-7DF6-4932-9614-E2DB0D825714}.Debug|iPhoneSimulator.Build.0 = Debug|Any CPU
		{8E9C6E5B-7DF6-4932-9614-E2DB0D825714}.Debug|iPhoneSimulator.Deploy.0 = Debug|Any CPU
		{8E9C6E5B-7DF6-4932-9614-E2DB0D825714}.Debug|x64.ActiveCfg = Debug|Any CPU
		{8E9C6E5B-7DF6-4932-9614-E2DB0D825714}.Debug|x64.Build.0 = Debug|Any CPU
		{8E9C6E5B-7DF6-4932-9614-E2DB0D825714}.Debug|x64.Deploy.0 = Debug|Any CPU
		{8E9C6E5B-7DF6-4932-9614-E2DB0D825714}.Debug|x86.ActiveCfg = Debug|Any CPU
		{8E9C6E5B-7DF6-4932-9614-E2DB0D825714}.Debug|x86.Build.0 = Debug|Any CPU
		{8E9C6E5B-7DF6-4932-9614-E2DB0D825714}.Debug|x86.Deploy.0 = Debug|Any CPU
		{8E9C6E5B-7DF6-4932-9614-E2DB0D825714}.Release|Any CPU.ActiveCfg = Release|Any CPU
		{8E9C6E5B-7DF6-4932-9614-E2DB0D825714}.Release|Any CPU.Build.0 = Release|Any CPU
		{8E9C6E5B-7DF6-4932-9614-E2DB0D825714}.Release|Any CPU.Deploy.0 = Release|Any CPU
		{8E9C6E5B-7DF6-4932-9614-E2DB0D825714}.Release|ARM.ActiveCfg = Release|Any CPU
		{8E9C6E5B-7DF6-4932-9614-E2DB0D825714}.Release|ARM.Build.0 = Release|Any CPU
		{8E9C6E5B-7DF6-4932-9614-E2DB0D825714}.Release|ARM.Deploy.0 = Release|Any CPU
		{8E9C6E5B-7DF6-4932-9614-E2DB0D825714}.Release|iPhone.ActiveCfg = Release|Any CPU
		{8E9C6E5B-7DF6-4932-9614-E2DB0D825714}.Release|iPhone.Build.0 = Release|Any CPU
		{8E9C6E5B-7DF6-4932-9614-E2DB0D825714}.Release|iPhone.Deploy.0 = Release|Any CPU
		{8E9C6E5B-7DF6-4932-9614-E2DB0D825714}.Release|iPhoneSimulator.ActiveCfg = Release|Any CPU
		{8E9C6E5B-7DF6-4932-9614-E2DB0D825714}.Release|iPhoneSimulator.Build.0 = Release|Any CPU
		{8E9C6E5B-7DF6-4932-9614-E2DB0D825714}.Release|iPhoneSimulator.Deploy.0 = Release|Any CPU
		{8E9C6E5B-7DF6-4932-9614-E2DB0D825714}.Release|x64.ActiveCfg = Release|Any CPU
		{8E9C6E5B-7DF6-4932-9614-E2DB0D825714}.Release|x64.Build.0 = Release|Any CPU
		{8E9C6E5B-7DF6-4932-9614-E2DB0D825714}.Release|x64.Deploy.0 = Release|Any CPU
		{8E9C6E5B-7DF6-4932-9614-E2DB0D825714}.Release|x86.ActiveCfg = Release|Any CPU
		{8E9C6E5B-7DF6-4932-9614-E2DB0D825714}.Release|x86.Build.0 = Release|Any CPU
		{8E9C6E5B-7DF6-4932-9614-E2DB0D825714}.Release|x86.Deploy.0 = Release|Any CPU
		{ADB0B25B-07CC-4211-B4E8-B9A4F6BB319E}.Ad-Hoc|Any CPU.ActiveCfg = Ad-Hoc|iPhone
		{ADB0B25B-07CC-4211-B4E8-B9A4F6BB319E}.Ad-Hoc|ARM.ActiveCfg = Ad-Hoc|iPhone
		{ADB0B25B-07CC-4211-B4E8-B9A4F6BB319E}.Ad-Hoc|iPhone.ActiveCfg = Ad-Hoc|iPhone
		{ADB0B25B-07CC-4211-B4E8-B9A4F6BB319E}.Ad-Hoc|iPhone.Build.0 = Ad-Hoc|iPhone
		{ADB0B25B-07CC-4211-B4E8-B9A4F6BB319E}.Ad-Hoc|iPhoneSimulator.ActiveCfg = Ad-Hoc|iPhoneSimulator
		{ADB0B25B-07CC-4211-B4E8-B9A4F6BB319E}.Ad-Hoc|iPhoneSimulator.Build.0 = Ad-Hoc|iPhoneSimulator
		{ADB0B25B-07CC-4211-B4E8-B9A4F6BB319E}.Ad-Hoc|x64.ActiveCfg = Ad-Hoc|iPhone
		{ADB0B25B-07CC-4211-B4E8-B9A4F6BB319E}.Ad-Hoc|x86.ActiveCfg = Ad-Hoc|iPhone
		{ADB0B25B-07CC-4211-B4E8-B9A4F6BB319E}.AppStore|Any CPU.ActiveCfg = AppStore|iPhone
		{ADB0B25B-07CC-4211-B4E8-B9A4F6BB319E}.AppStore|ARM.ActiveCfg = AppStore|iPhone
		{ADB0B25B-07CC-4211-B4E8-B9A4F6BB319E}.AppStore|iPhone.ActiveCfg = AppStore|iPhone
		{ADB0B25B-07CC-4211-B4E8-B9A4F6BB319E}.AppStore|iPhone.Build.0 = AppStore|iPhone
		{ADB0B25B-07CC-4211-B4E8-B9A4F6BB319E}.AppStore|iPhoneSimulator.ActiveCfg = AppStore|iPhoneSimulator
		{ADB0B25B-07CC-4211-B4E8-B9A4F6BB319E}.AppStore|iPhoneSimulator.Build.0 = AppStore|iPhoneSimulator
		{ADB0B25B-07CC-4211-B4E8-B9A4F6BB319E}.AppStore|x64.ActiveCfg = AppStore|iPhone
		{ADB0B25B-07CC-4211-B4E8-B9A4F6BB319E}.AppStore|x86.ActiveCfg = AppStore|iPhone
		{ADB0B25B-07CC-4211-B4E8-B9A4F6BB319E}.Debug|Any CPU.ActiveCfg = Debug|iPhone
		{ADB0B25B-07CC-4211-B4E8-B9A4F6BB319E}.Debug|ARM.ActiveCfg = Debug|iPhone
		{ADB0B25B-07CC-4211-B4E8-B9A4F6BB319E}.Debug|iPhone.ActiveCfg = Debug|iPhone
		{ADB0B25B-07CC-4211-B4E8-B9A4F6BB319E}.Debug|iPhone.Build.0 = Debug|iPhone
		{ADB0B25B-07CC-4211-B4E8-B9A4F6BB319E}.Debug|iPhoneSimulator.ActiveCfg = Debug|iPhoneSimulator
		{ADB0B25B-07CC-4211-B4E8-B9A4F6BB319E}.Debug|iPhoneSimulator.Build.0 = Debug|iPhoneSimulator
		{ADB0B25B-07CC-4211-B4E8-B9A4F6BB319E}.Debug|x64.ActiveCfg = Debug|iPhone
		{ADB0B25B-07CC-4211-B4E8-B9A4F6BB319E}.Debug|x86.ActiveCfg = Debug|iPhone
		{ADB0B25B-07CC-4211-B4E8-B9A4F6BB319E}.Release|Any CPU.ActiveCfg = Release|iPhone
		{ADB0B25B-07CC-4211-B4E8-B9A4F6BB319E}.Release|ARM.ActiveCfg = Release|iPhone
		{ADB0B25B-07CC-4211-B4E8-B9A4F6BB319E}.Release|iPhone.ActiveCfg = Release|iPhone
		{ADB0B25B-07CC-4211-B4E8-B9A4F6BB319E}.Release|iPhone.Build.0 = Release|iPhone
		{ADB0B25B-07CC-4211-B4E8-B9A4F6BB319E}.Release|iPhoneSimulator.ActiveCfg = Release|iPhoneSimulator
		{ADB0B25B-07CC-4211-B4E8-B9A4F6BB319E}.Release|iPhoneSimulator.Build.0 = Release|iPhoneSimulator
		{ADB0B25B-07CC-4211-B4E8-B9A4F6BB319E}.Release|x64.ActiveCfg = Release|iPhone
		{ADB0B25B-07CC-4211-B4E8-B9A4F6BB319E}.Release|x86.ActiveCfg = Release|iPhone
		{940301C7-C3DD-48BF-8EBF-DA4AFE3F176E}.Ad-Hoc|Any CPU.ActiveCfg = Release|Any CPU
		{940301C7-C3DD-48BF-8EBF-DA4AFE3F176E}.Ad-Hoc|Any CPU.Build.0 = Release|Any CPU
		{940301C7-C3DD-48BF-8EBF-DA4AFE3F176E}.Ad-Hoc|Any CPU.Deploy.0 = Release|Any CPU
		{940301C7-C3DD-48BF-8EBF-DA4AFE3F176E}.Ad-Hoc|ARM.ActiveCfg = Release|ARM
		{940301C7-C3DD-48BF-8EBF-DA4AFE3F176E}.Ad-Hoc|ARM.Build.0 = Release|ARM
		{940301C7-C3DD-48BF-8EBF-DA4AFE3F176E}.Ad-Hoc|ARM.Deploy.0 = Release|ARM
		{940301C7-C3DD-48BF-8EBF-DA4AFE3F176E}.Ad-Hoc|iPhone.ActiveCfg = Release|Any CPU
		{940301C7-C3DD-48BF-8EBF-DA4AFE3F176E}.Ad-Hoc|iPhone.Build.0 = Release|Any CPU
		{940301C7-C3DD-48BF-8EBF-DA4AFE3F176E}.Ad-Hoc|iPhone.Deploy.0 = Release|Any CPU
		{940301C7-C3DD-48BF-8EBF-DA4AFE3F176E}.Ad-Hoc|iPhoneSimulator.ActiveCfg = Release|Any CPU
		{940301C7-C3DD-48BF-8EBF-DA4AFE3F176E}.Ad-Hoc|iPhoneSimulator.Build.0 = Release|Any CPU
		{940301C7-C3DD-48BF-8EBF-DA4AFE3F176E}.Ad-Hoc|iPhoneSimulator.Deploy.0 = Release|Any CPU
		{940301C7-C3DD-48BF-8EBF-DA4AFE3F176E}.Ad-Hoc|x64.ActiveCfg = Release|Any CPU
		{940301C7-C3DD-48BF-8EBF-DA4AFE3F176E}.Ad-Hoc|x64.Build.0 = Release|Any CPU
		{940301C7-C3DD-48BF-8EBF-DA4AFE3F176E}.Ad-Hoc|x64.Deploy.0 = Release|Any CPU
		{940301C7-C3DD-48BF-8EBF-DA4AFE3F176E}.Ad-Hoc|x86.ActiveCfg = Release|x86
		{940301C7-C3DD-48BF-8EBF-DA4AFE3F176E}.Ad-Hoc|x86.Build.0 = Release|x86
		{940301C7-C3DD-48BF-8EBF-DA4AFE3F176E}.Ad-Hoc|x86.Deploy.0 = Release|x86
		{940301C7-C3DD-48BF-8EBF-DA4AFE3F176E}.AppStore|Any CPU.ActiveCfg = Release|Any CPU
		{940301C7-C3DD-48BF-8EBF-DA4AFE3F176E}.AppStore|Any CPU.Build.0 = Release|Any CPU
		{940301C7-C3DD-48BF-8EBF-DA4AFE3F176E}.AppStore|Any CPU.Deploy.0 = Release|Any CPU
		{940301C7-C3DD-48BF-8EBF-DA4AFE3F176E}.AppStore|ARM.ActiveCfg = Release|ARM
		{940301C7-C3DD-48BF-8EBF-DA4AFE3F176E}.AppStore|ARM.Build.0 = Release|ARM
		{940301C7-C3DD-48BF-8EBF-DA4AFE3F176E}.AppStore|ARM.Deploy.0 = Release|ARM
		{940301C7-C3DD-48BF-8EBF-DA4AFE3F176E}.AppStore|iPhone.ActiveCfg = Release|Any CPU
		{940301C7-C3DD-48BF-8EBF-DA4AFE3F176E}.AppStore|iPhone.Build.0 = Release|Any CPU
		{940301C7-C3DD-48BF-8EBF-DA4AFE3F176E}.AppStore|iPhone.Deploy.0 = Release|Any CPU
		{940301C7-C3DD-48BF-8EBF-DA4AFE3F176E}.AppStore|iPhoneSimulator.ActiveCfg = Release|Any CPU
		{940301C7-C3DD-48BF-8EBF-DA4AFE3F176E}.AppStore|iPhoneSimulator.Build.0 = Release|Any CPU
		{940301C7-C3DD-48BF-8EBF-DA4AFE3F176E}.AppStore|iPhoneSimulator.Deploy.0 = Release|Any CPU
		{940301C7-C3DD-48BF-8EBF-DA4AFE3F176E}.AppStore|x64.ActiveCfg = Release|Any CPU
		{940301C7-C3DD-48BF-8EBF-DA4AFE3F176E}.AppStore|x64.Build.0 = Release|Any CPU
		{940301C7-C3DD-48BF-8EBF-DA4AFE3F176E}.AppStore|x64.Deploy.0 = Release|Any CPU
		{940301C7-C3DD-48BF-8EBF-DA4AFE3F176E}.AppStore|x86.ActiveCfg = Release|x86
		{940301C7-C3DD-48BF-8EBF-DA4AFE3F176E}.AppStore|x86.Build.0 = Release|x86
		{940301C7-C3DD-48BF-8EBF-DA4AFE3F176E}.AppStore|x86.Deploy.0 = Release|x86
		{940301C7-C3DD-48BF-8EBF-DA4AFE3F176E}.Debug|Any CPU.ActiveCfg = Debug|Any CPU
		{940301C7-C3DD-48BF-8EBF-DA4AFE3F176E}.Debug|Any CPU.Build.0 = Debug|Any CPU
		{940301C7-C3DD-48BF-8EBF-DA4AFE3F176E}.Debug|Any CPU.Deploy.0 = Debug|Any CPU
		{940301C7-C3DD-48BF-8EBF-DA4AFE3F176E}.Debug|ARM.ActiveCfg = Debug|ARM
		{940301C7-C3DD-48BF-8EBF-DA4AFE3F176E}.Debug|ARM.Build.0 = Debug|ARM
		{940301C7-C3DD-48BF-8EBF-DA4AFE3F176E}.Debug|ARM.Deploy.0 = Debug|ARM
		{940301C7-C3DD-48BF-8EBF-DA4AFE3F176E}.Debug|iPhone.ActiveCfg = Debug|Any CPU
		{940301C7-C3DD-48BF-8EBF-DA4AFE3F176E}.Debug|iPhone.Build.0 = Debug|Any CPU
		{940301C7-C3DD-48BF-8EBF-DA4AFE3F176E}.Debug|iPhone.Deploy.0 = Debug|Any CPU
		{940301C7-C3DD-48BF-8EBF-DA4AFE3F176E}.Debug|iPhoneSimulator.ActiveCfg = Debug|Any CPU
		{940301C7-C3DD-48BF-8EBF-DA4AFE3F176E}.Debug|iPhoneSimulator.Build.0 = Debug|Any CPU
		{940301C7-C3DD-48BF-8EBF-DA4AFE3F176E}.Debug|iPhoneSimulator.Deploy.0 = Debug|Any CPU
		{940301C7-C3DD-48BF-8EBF-DA4AFE3F176E}.Debug|x64.ActiveCfg = Debug|Any CPU
		{940301C7-C3DD-48BF-8EBF-DA4AFE3F176E}.Debug|x64.Build.0 = Debug|Any CPU
		{940301C7-C3DD-48BF-8EBF-DA4AFE3F176E}.Debug|x64.Deploy.0 = Debug|Any CPU
		{940301C7-C3DD-48BF-8EBF-DA4AFE3F176E}.Debug|x86.ActiveCfg = Debug|x86
		{940301C7-C3DD-48BF-8EBF-DA4AFE3F176E}.Debug|x86.Build.0 = Debug|x86
		{940301C7-C3DD-48BF-8EBF-DA4AFE3F176E}.Debug|x86.Deploy.0 = Debug|x86
		{940301C7-C3DD-48BF-8EBF-DA4AFE3F176E}.Release|Any CPU.ActiveCfg = Release|Any CPU
		{940301C7-C3DD-48BF-8EBF-DA4AFE3F176E}.Release|Any CPU.Build.0 = Release|Any CPU
		{940301C7-C3DD-48BF-8EBF-DA4AFE3F176E}.Release|Any CPU.Deploy.0 = Release|Any CPU
		{940301C7-C3DD-48BF-8EBF-DA4AFE3F176E}.Release|ARM.ActiveCfg = Release|ARM
		{940301C7-C3DD-48BF-8EBF-DA4AFE3F176E}.Release|ARM.Build.0 = Release|ARM
		{940301C7-C3DD-48BF-8EBF-DA4AFE3F176E}.Release|ARM.Deploy.0 = Release|ARM
		{940301C7-C3DD-48BF-8EBF-DA4AFE3F176E}.Release|iPhone.ActiveCfg = Release|Any CPU
		{940301C7-C3DD-48BF-8EBF-DA4AFE3F176E}.Release|iPhone.Build.0 = Release|Any CPU
		{940301C7-C3DD-48BF-8EBF-DA4AFE3F176E}.Release|iPhone.Deploy.0 = Release|Any CPU
		{940301C7-C3DD-48BF-8EBF-DA4AFE3F176E}.Release|iPhoneSimulator.ActiveCfg = Release|Any CPU
		{940301C7-C3DD-48BF-8EBF-DA4AFE3F176E}.Release|iPhoneSimulator.Build.0 = Release|Any CPU
		{940301C7-C3DD-48BF-8EBF-DA4AFE3F176E}.Release|iPhoneSimulator.Deploy.0 = Release|Any CPU
		{940301C7-C3DD-48BF-8EBF-DA4AFE3F176E}.Release|x64.ActiveCfg = Release|Any CPU
		{940301C7-C3DD-48BF-8EBF-DA4AFE3F176E}.Release|x64.Build.0 = Release|Any CPU
		{940301C7-C3DD-48BF-8EBF-DA4AFE3F176E}.Release|x64.Deploy.0 = Release|Any CPU
		{940301C7-C3DD-48BF-8EBF-DA4AFE3F176E}.Release|x86.ActiveCfg = Release|x86
		{940301C7-C3DD-48BF-8EBF-DA4AFE3F176E}.Release|x86.Build.0 = Release|x86
		{940301C7-C3DD-48BF-8EBF-DA4AFE3F176E}.Release|x86.Deploy.0 = Release|x86
		{118F927B-A356-46D3-8514-781544491368}.Ad-Hoc|Any CPU.ActiveCfg = Release|Any CPU
		{118F927B-A356-46D3-8514-781544491368}.Ad-Hoc|Any CPU.Build.0 = Release|Any CPU
		{118F927B-A356-46D3-8514-781544491368}.Ad-Hoc|Any CPU.Deploy.0 = Release|Any CPU
		{118F927B-A356-46D3-8514-781544491368}.Ad-Hoc|ARM.ActiveCfg = Release|ARM
		{118F927B-A356-46D3-8514-781544491368}.Ad-Hoc|ARM.Build.0 = Release|ARM
		{118F927B-A356-46D3-8514-781544491368}.Ad-Hoc|ARM.Deploy.0 = Release|ARM
		{118F927B-A356-46D3-8514-781544491368}.Ad-Hoc|iPhone.ActiveCfg = Release|Any CPU
		{118F927B-A356-46D3-8514-781544491368}.Ad-Hoc|iPhone.Build.0 = Release|Any CPU
		{118F927B-A356-46D3-8514-781544491368}.Ad-Hoc|iPhone.Deploy.0 = Release|Any CPU
		{118F927B-A356-46D3-8514-781544491368}.Ad-Hoc|iPhoneSimulator.ActiveCfg = Release|Any CPU
		{118F927B-A356-46D3-8514-781544491368}.Ad-Hoc|iPhoneSimulator.Build.0 = Release|Any CPU
		{118F927B-A356-46D3-8514-781544491368}.Ad-Hoc|iPhoneSimulator.Deploy.0 = Release|Any CPU
		{118F927B-A356-46D3-8514-781544491368}.Ad-Hoc|x64.ActiveCfg = Release|x64
		{118F927B-A356-46D3-8514-781544491368}.Ad-Hoc|x64.Build.0 = Release|x64
		{118F927B-A356-46D3-8514-781544491368}.Ad-Hoc|x64.Deploy.0 = Release|x64
		{118F927B-A356-46D3-8514-781544491368}.Ad-Hoc|x86.ActiveCfg = Release|x86
		{118F927B-A356-46D3-8514-781544491368}.Ad-Hoc|x86.Build.0 = Release|x86
		{118F927B-A356-46D3-8514-781544491368}.Ad-Hoc|x86.Deploy.0 = Release|x86
		{118F927B-A356-46D3-8514-781544491368}.AppStore|Any CPU.ActiveCfg = Release|Any CPU
		{118F927B-A356-46D3-8514-781544491368}.AppStore|Any CPU.Build.0 = Release|Any CPU
		{118F927B-A356-46D3-8514-781544491368}.AppStore|Any CPU.Deploy.0 = Release|Any CPU
		{118F927B-A356-46D3-8514-781544491368}.AppStore|ARM.ActiveCfg = Release|ARM
		{118F927B-A356-46D3-8514-781544491368}.AppStore|ARM.Build.0 = Release|ARM
		{118F927B-A356-46D3-8514-781544491368}.AppStore|ARM.Deploy.0 = Release|ARM
		{118F927B-A356-46D3-8514-781544491368}.AppStore|iPhone.ActiveCfg = Release|Any CPU
		{118F927B-A356-46D3-8514-781544491368}.AppStore|iPhone.Build.0 = Release|Any CPU
		{118F927B-A356-46D3-8514-781544491368}.AppStore|iPhone.Deploy.0 = Release|Any CPU
		{118F927B-A356-46D3-8514-781544491368}.AppStore|iPhoneSimulator.ActiveCfg = Release|Any CPU
		{118F927B-A356-46D3-8514-781544491368}.AppStore|iPhoneSimulator.Build.0 = Release|Any CPU
		{118F927B-A356-46D3-8514-781544491368}.AppStore|iPhoneSimulator.Deploy.0 = Release|Any CPU
		{118F927B-A356-46D3-8514-781544491368}.AppStore|x64.ActiveCfg = Release|x64
		{118F927B-A356-46D3-8514-781544491368}.AppStore|x64.Build.0 = Release|x64
		{118F927B-A356-46D3-8514-781544491368}.AppStore|x64.Deploy.0 = Release|x64
		{118F927B-A356-46D3-8514-781544491368}.AppStore|x86.ActiveCfg = Release|x86
		{118F927B-A356-46D3-8514-781544491368}.AppStore|x86.Build.0 = Release|x86
		{118F927B-A356-46D3-8514-781544491368}.AppStore|x86.Deploy.0 = Release|x86
		{118F927B-A356-46D3-8514-781544491368}.Debug|Any CPU.ActiveCfg = Debug|Any CPU
		{118F927B-A356-46D3-8514-781544491368}.Debug|Any CPU.Build.0 = Debug|Any CPU
		{118F927B-A356-46D3-8514-781544491368}.Debug|Any CPU.Deploy.0 = Debug|Any CPU
		{118F927B-A356-46D3-8514-781544491368}.Debug|ARM.ActiveCfg = Debug|ARM
		{118F927B-A356-46D3-8514-781544491368}.Debug|ARM.Build.0 = Debug|ARM
		{118F927B-A356-46D3-8514-781544491368}.Debug|ARM.Deploy.0 = Debug|ARM
		{118F927B-A356-46D3-8514-781544491368}.Debug|iPhone.ActiveCfg = Debug|Any CPU
		{118F927B-A356-46D3-8514-781544491368}.Debug|iPhone.Build.0 = Debug|Any CPU
		{118F927B-A356-46D3-8514-781544491368}.Debug|iPhone.Deploy.0 = Debug|Any CPU
		{118F927B-A356-46D3-8514-781544491368}.Debug|iPhoneSimulator.ActiveCfg = Debug|Any CPU
		{118F927B-A356-46D3-8514-781544491368}.Debug|iPhoneSimulator.Build.0 = Debug|Any CPU
		{118F927B-A356-46D3-8514-781544491368}.Debug|iPhoneSimulator.Deploy.0 = Debug|Any CPU
		{118F927B-A356-46D3-8514-781544491368}.Debug|x64.ActiveCfg = Debug|x64
		{118F927B-A356-46D3-8514-781544491368}.Debug|x64.Build.0 = Debug|x64
		{118F927B-A356-46D3-8514-781544491368}.Debug|x64.Deploy.0 = Debug|x64
		{118F927B-A356-46D3-8514-781544491368}.Debug|x86.ActiveCfg = Debug|x86
		{118F927B-A356-46D3-8514-781544491368}.Debug|x86.Build.0 = Debug|x86
		{118F927B-A356-46D3-8514-781544491368}.Debug|x86.Deploy.0 = Debug|x86
		{118F927B-A356-46D3-8514-781544491368}.Release|Any CPU.ActiveCfg = Release|Any CPU
		{118F927B-A356-46D3-8514-781544491368}.Release|Any CPU.Build.0 = Release|Any CPU
		{118F927B-A356-46D3-8514-781544491368}.Release|Any CPU.Deploy.0 = Release|Any CPU
		{118F927B-A356-46D3-8514-781544491368}.Release|ARM.ActiveCfg = Release|ARM
		{118F927B-A356-46D3-8514-781544491368}.Release|ARM.Build.0 = Release|ARM
		{118F927B-A356-46D3-8514-781544491368}.Release|ARM.Deploy.0 = Release|ARM
		{118F927B-A356-46D3-8514-781544491368}.Release|iPhone.ActiveCfg = Release|Any CPU
		{118F927B-A356-46D3-8514-781544491368}.Release|iPhone.Build.0 = Release|Any CPU
		{118F927B-A356-46D3-8514-781544491368}.Release|iPhone.Deploy.0 = Release|Any CPU
		{118F927B-A356-46D3-8514-781544491368}.Release|iPhoneSimulator.ActiveCfg = Release|Any CPU
		{118F927B-A356-46D3-8514-781544491368}.Release|iPhoneSimulator.Build.0 = Release|Any CPU
		{118F927B-A356-46D3-8514-781544491368}.Release|iPhoneSimulator.Deploy.0 = Release|Any CPU
		{118F927B-A356-46D3-8514-781544491368}.Release|x64.ActiveCfg = Release|x64
		{118F927B-A356-46D3-8514-781544491368}.Release|x64.Build.0 = Release|x64
		{118F927B-A356-46D3-8514-781544491368}.Release|x64.Deploy.0 = Release|x64
		{118F927B-A356-46D3-8514-781544491368}.Release|x86.ActiveCfg = Release|x86
		{118F927B-A356-46D3-8514-781544491368}.Release|x86.Build.0 = Release|x86
		{118F927B-A356-46D3-8514-781544491368}.Release|x86.Deploy.0 = Release|x86
		{DD6001B0-91C9-494C-993F-7AF9EF6B7C64}.Ad-Hoc|Any CPU.ActiveCfg = Release|Any CPU
		{DD6001B0-91C9-494C-993F-7AF9EF6B7C64}.Ad-Hoc|Any CPU.Build.0 = Release|Any CPU
		{DD6001B0-91C9-494C-993F-7AF9EF6B7C64}.Ad-Hoc|ARM.ActiveCfg = Release|Any CPU
		{DD6001B0-91C9-494C-993F-7AF9EF6B7C64}.Ad-Hoc|ARM.Build.0 = Release|Any CPU
		{DD6001B0-91C9-494C-993F-7AF9EF6B7C64}.Ad-Hoc|iPhone.ActiveCfg = Release|Any CPU
		{DD6001B0-91C9-494C-993F-7AF9EF6B7C64}.Ad-Hoc|iPhone.Build.0 = Release|Any CPU
		{DD6001B0-91C9-494C-993F-7AF9EF6B7C64}.Ad-Hoc|iPhoneSimulator.ActiveCfg = Release|Any CPU
		{DD6001B0-91C9-494C-993F-7AF9EF6B7C64}.Ad-Hoc|iPhoneSimulator.Build.0 = Release|Any CPU
		{DD6001B0-91C9-494C-993F-7AF9EF6B7C64}.Ad-Hoc|x64.ActiveCfg = Release|Any CPU
		{DD6001B0-91C9-494C-993F-7AF9EF6B7C64}.Ad-Hoc|x64.Build.0 = Release|Any CPU
		{DD6001B0-91C9-494C-993F-7AF9EF6B7C64}.Ad-Hoc|x86.ActiveCfg = Release|Any CPU
		{DD6001B0-91C9-494C-993F-7AF9EF6B7C64}.Ad-Hoc|x86.Build.0 = Release|Any CPU
		{DD6001B0-91C9-494C-993F-7AF9EF6B7C64}.AppStore|Any CPU.ActiveCfg = Release|Any CPU
		{DD6001B0-91C9-494C-993F-7AF9EF6B7C64}.AppStore|Any CPU.Build.0 = Release|Any CPU
		{DD6001B0-91C9-494C-993F-7AF9EF6B7C64}.AppStore|ARM.ActiveCfg = Release|Any CPU
		{DD6001B0-91C9-494C-993F-7AF9EF6B7C64}.AppStore|ARM.Build.0 = Release|Any CPU
		{DD6001B0-91C9-494C-993F-7AF9EF6B7C64}.AppStore|iPhone.ActiveCfg = Release|Any CPU
		{DD6001B0-91C9-494C-993F-7AF9EF6B7C64}.AppStore|iPhone.Build.0 = Release|Any CPU
		{DD6001B0-91C9-494C-993F-7AF9EF6B7C64}.AppStore|iPhoneSimulator.ActiveCfg = Release|Any CPU
		{DD6001B0-91C9-494C-993F-7AF9EF6B7C64}.AppStore|iPhoneSimulator.Build.0 = Release|Any CPU
		{DD6001B0-91C9-494C-993F-7AF9EF6B7C64}.AppStore|x64.ActiveCfg = Release|Any CPU
		{DD6001B0-91C9-494C-993F-7AF9EF6B7C64}.AppStore|x64.Build.0 = Release|Any CPU
		{DD6001B0-91C9-494C-993F-7AF9EF6B7C64}.AppStore|x86.ActiveCfg = Release|Any CPU
		{DD6001B0-91C9-494C-993F-7AF9EF6B7C64}.AppStore|x86.Build.0 = Release|Any CPU
		{DD6001B0-91C9-494C-993F-7AF9EF6B7C64}.Debug|Any CPU.ActiveCfg = Debug|Any CPU
		{DD6001B0-91C9-494C-993F-7AF9EF6B7C64}.Debug|Any CPU.Build.0 = Debug|Any CPU
		{DD6001B0-91C9-494C-993F-7AF9EF6B7C64}.Debug|ARM.ActiveCfg = Debug|Any CPU
		{DD6001B0-91C9-494C-993F-7AF9EF6B7C64}.Debug|ARM.Build.0 = Debug|Any CPU
		{DD6001B0-91C9-494C-993F-7AF9EF6B7C64}.Debug|iPhone.ActiveCfg = Debug|Any CPU
		{DD6001B0-91C9-494C-993F-7AF9EF6B7C64}.Debug|iPhone.Build.0 = Debug|Any CPU
		{DD6001B0-91C9-494C-993F-7AF9EF6B7C64}.Debug|iPhoneSimulator.ActiveCfg = Debug|Any CPU
		{DD6001B0-91C9-494C-993F-7AF9EF6B7C64}.Debug|iPhoneSimulator.Build.0 = Debug|Any CPU
		{DD6001B0-91C9-494C-993F-7AF9EF6B7C64}.Debug|x64.ActiveCfg = Debug|Any CPU
		{DD6001B0-91C9-494C-993F-7AF9EF6B7C64}.Debug|x64.Build.0 = Debug|Any CPU
		{DD6001B0-91C9-494C-993F-7AF9EF6B7C64}.Debug|x86.ActiveCfg = Debug|Any CPU
		{DD6001B0-91C9-494C-993F-7AF9EF6B7C64}.Debug|x86.Build.0 = Debug|Any CPU
		{DD6001B0-91C9-494C-993F-7AF9EF6B7C64}.Release|Any CPU.ActiveCfg = Release|Any CPU
		{DD6001B0-91C9-494C-993F-7AF9EF6B7C64}.Release|Any CPU.Build.0 = Release|Any CPU
		{DD6001B0-91C9-494C-993F-7AF9EF6B7C64}.Release|ARM.ActiveCfg = Release|Any CPU
		{DD6001B0-91C9-494C-993F-7AF9EF6B7C64}.Release|ARM.Build.0 = Release|Any CPU
		{DD6001B0-91C9-494C-993F-7AF9EF6B7C64}.Release|iPhone.ActiveCfg = Release|Any CPU
		{DD6001B0-91C9-494C-993F-7AF9EF6B7C64}.Release|iPhone.Build.0 = Release|Any CPU
		{DD6001B0-91C9-494C-993F-7AF9EF6B7C64}.Release|iPhoneSimulator.ActiveCfg = Release|Any CPU
		{DD6001B0-91C9-494C-993F-7AF9EF6B7C64}.Release|iPhoneSimulator.Build.0 = Release|Any CPU
		{DD6001B0-91C9-494C-993F-7AF9EF6B7C64}.Release|x64.ActiveCfg = Release|Any CPU
		{DD6001B0-91C9-494C-993F-7AF9EF6B7C64}.Release|x64.Build.0 = Release|Any CPU
		{DD6001B0-91C9-494C-993F-7AF9EF6B7C64}.Release|x86.ActiveCfg = Release|Any CPU
		{DD6001B0-91C9-494C-993F-7AF9EF6B7C64}.Release|x86.Build.0 = Release|Any CPU
	EndGlobalSection
	GlobalSection(SolutionProperties) = preSolution
		HideSolutionNode = FALSE
	EndGlobalSection
EndGlobal
